
Microsoft Visual Studio Solution File, Format Version 12.00
# Visual Studio Version 16
VisualStudioVersion = 16.0.31005.135
MinimumVisualStudioVersion = 10.0.40219.1
Project("{FAE04EC0-301F-11D3-BF4B-00C04F79EFBC}") = "EFDbFirstDemo.ConsoleApp", "EFDbFirstDemo.ConsoleApp\EFDbFirstDemo.ConsoleApp.csproj", "{43A9917F-2812-4C54-A8D0-98789C720F52}"
EndProject
Project("{FAE04EC0-301F-11D3-BF4B-00C04F79EFBC}") = "EfDbFirstDemo.DataAccess", "EfDbFirstDemo.DataAccess\EfDbFirstDemo.DataAccess.csproj", "{9866A575-2DDF-4B77-842B-D5D811A07C4C}"
EndProject
Global
	GlobalSection(SolutionConfigurationPlatforms) = preSolution
		Debug|Any CPU = Debug|Any CPU
		Release|Any CPU = Release|Any CPU
	EndGlobalSection
	GlobalSection(ProjectConfigurationPlatforms) = postSolution
		{43A9917F-2812-4C54-A8D0-98789C720F52}.Debug|Any CPU.ActiveCfg = Debug|Any CPU
		{43A9917F-2812-4C54-A8D0-98789C720F52}.Debug|Any CPU.Build.0 = Debug|Any CPU
		{43A9917F-2812-4C54-A8D0-98789C720F52}.Release|Any CPU.ActiveCfg = Release|Any CPU
		{43A9917F-2812-4C54-A8D0-98789C720F52}.Release|Any CPU.Build.0 = Release|Any CPU
		{9866A575-2DDF-4B77-842B-D5D811A07C4C}.Debug|Any CPU.ActiveCfg = Debug|Any CPU
		{9866A575-2DDF-4B77-842B-D5D811A07C4C}.Debug|Any CPU.Build.0 = Debug|Any CPU
		{9866A575-2DDF-4B77-842B-D5D811A07C4C}.Release|Any CPU.ActiveCfg = Release|Any CPU
		{9866A575-2DDF-4B77-842B-D5D811A07C4C}.Release|Any CPU.Build.0 = Release|Any CPU
	EndGlobalSection
	GlobalSection(SolutionProperties) = preSolution
		HideSolutionNode = FALSE
	EndGlobalSection
	GlobalSection(ExtensibilityGlobals) = postSolution
		SolutionGuid = {C058C521-89CC-4558-885D-A4912B43F209}
	EndGlobalSection
EndGlobal
